Microsoft Visual Studio Solution File, Format Version 12.00
# Visual Studio Version 17
VisualStudioVersion = 17.5.2.0
MinimumVisualStudioVersion = 10.0.40219.1
Project("{FAE04EC0-301F-11D3-BF4B-00C04F79EFBC}") = "ImageGallery.API", "ImageGallery.API.csproj", "{ED377F40-D915-2264-A4E0-1B7BD6011AF2}"
EndProject
Global
	GlobalSection(SolutionConfigurationPlatforms) = preSolution
		Debug|Any CPU = Debug|Any CPU
		Release|Any CPU = Release|Any CPU
	EndGlobalSection
	GlobalSection(ProjectConfigurationPlatforms) = postSolution
		{ED377F40-D915-2264-A4E0-1B7BD6011AF2}.Debug|Any CPU.ActiveCfg = Debug|Any CPU
		{ED377F40-D915-2264-A4E0-1B7BD6011AF2}.Debug|Any CPU.Build.0 = Debug|Any CPU
		{ED377F40-D915-2264-A4E0-1B7BD6011AF2}.Release|Any CPU.ActiveCfg = Release|Any CPU
		{ED377F40-D915-2264-A4E0-1B7BD6011AF2}.Release|Any CPU.Build.0 = Release|Any CPU
	EndGlobalSection
	GlobalSection(SolutionProperties) = preSolution
		HideSolutionNode = FALSE
	EndGlobalSection
	GlobalSection(ExtensibilityGlobals) = postSolution
		SolutionGuid = {5C2E0EE8-A38D-4791-BADE-39F32B452E32}
	EndGlobalSection
EndGlobal
